
Microsoft Visual Studio Solution File, Format Version 12.00
# Visual Studio Version 17
VisualStudioVersion = 17.2.32505.173
MinimumVisualStudioVersion = 10.0.40219.1
Project("{FAE04EC0-301F-11D3-BF4B-00C04F79EFBC}") = "CalculatorApp", "CalculatorApp\CalculatorApp.csproj", "{BD551CA7-F7E6-40A1-8501-5C2F77C49409}"
EndProject
Global
	GlobalSection(SolutionConfigurationPlatforms) = preSolution
		Debug|Any CPU = Debug|Any CPU
		Release|Any CPU = Release|Any CPU
	EndGlobalSection
	GlobalSection(ProjectConfigurationPlatforms) = postSolution
		{BD551CA7-F7E6-40A1-8501-5C2F77C49409}.Debug|Any CPU.ActiveCfg = Debug|Any CPU
		{BD551CA7-F7E6-40A1-8501-5C2F77C49409}.Debug|Any CPU.Build.0 = Debug|Any CPU
		{BD551CA7-F7E6-40A1-8501-5C2F77C49409}.Release|Any CPU.ActiveCfg = Release|Any CPU
		{BD551CA7-F7E6-40A1-8501-5C2F77C49409}.Release|Any CPU.Build.0 = Release|Any CPU
	EndGlobalSection
	GlobalSection(SolutionProperties) = preSolution
		HideSolutionNode = FALSE
	EndGlobalSection
	GlobalSection(ExtensibilityGlobals) = postSolution
		SolutionGuid = {349E7CD1-197D-4DA8-963F-895B3B9B3133}
	EndGlobalSection
EndGlobal
